
Microsoft Visual Studio Solution File, Format Version 12.00
# Visual Studio Version 17
VisualStudioVersion = 17.10.34711.195
MinimumVisualStudioVersion = 10.0.40219.1
Project("{FAE04EC0-301F-11D3-BF4B-00C04F79EFBC}") = "ConsoleApp103", "ConsoleApp103\ConsoleApp103.csproj", "{A69F0053-30AB-4E00-A35F-843B5B5A3A53}"
EndProject
Global
	GlobalSection(SolutionConfigurationPlatforms) = preSolution
		Debug|Any CPU = Debug|Any CPU
		Release|Any CPU = Release|Any CPU
	EndGlobalSection
	GlobalSection(ProjectConfigurationPlatforms) = postSolution
		{A69F0053-30AB-4E00-A35F-843B5B5A3A53}.Debug|Any CPU.ActiveCfg = Debug|Any CPU
		{A69F0053-30AB-4E00-A35F-843B5B5A3A53}.Debug|Any CPU.Build.0 = Debug|Any CPU
		{A69F0053-30AB-4E00-A35F-843B5B5A3A53}.Release|Any CPU.ActiveCfg = Release|Any CPU
		{A69F0053-30AB-4E00-A35F-843B5B5A3A53}.Release|Any CPU.Build.0 = Release|Any CPU
	EndGlobalSection
	GlobalSection(SolutionProperties) = preSolution
		HideSolutionNode = FALSE
	EndGlobalSection
	GlobalSection(ExtensibilityGlobals) = postSolution
		SolutionGuid = {8EA084B4-92D2-4E03-BFE5-9D555E2CC03D}
	EndGlobalSection
EndGlobal
